
Microsoft Visual Studio Solution File, Format Version 12.00
# Visual Studio Version 17
VisualStudioVersion = 17.7.34031.279
MinimumVisualStudioVersion = 10.0.40219.1
Project("{FAE04EC0-301F-11D3-BF4B-00C04F79EFBC}") = "Crud", "Crud\Crud.csproj", "{2ED6E334-B148-4392-89A9-57C190CBFB83}"
EndProject
Global
	GlobalSection(SolutionConfigurationPlatforms) = preSolution
		Debug|Any CPU = Debug|Any CPU
		Release|Any CPU = Release|Any CPU
	EndGlobalSection
	GlobalSection(ProjectConfigurationPlatforms) = postSolution
		{2ED6E334-B148-4392-89A9-57C190CBFB83}.Debug|Any CPU.ActiveCfg = Debug|Any CPU
		{2ED6E334-B148-4392-89A9-57C190CBFB83}.Debug|Any CPU.Build.0 = Debug|Any CPU
		{2ED6E334-B148-4392-89A9-57C190CBFB83}.Release|Any CPU.ActiveCfg = Release|Any CPU
		{2ED6E334-B148-4392-89A9-57C190CBFB83}.Release|Any CPU.Build.0 = Release|Any CPU
	EndGlobalSection
	GlobalSection(SolutionProperties) = preSolution
		HideSolutionNode = FALSE
	EndGlobalSection
	GlobalSection(ExtensibilityGlobals) = postSolution
		SolutionGuid = {229887B9-07FF-43FE-9B20-257A5C62D868}
	EndGlobalSection
EndGlobal
