
Microsoft Visual Studio Solution File, Format Version 12.00
# Visual Studio Version 17
VisualStudioVersion = 17.6.33815.320
MinimumVisualStudioVersion = 10.0.40219.1
Project("{FAE04EC0-301F-11D3-BF4B-00C04F79EFBC}") = "PrimerosPasosWinForms", "PrimerosPasosWinForms\PrimerosPasosWinForms.csproj", "{D29EC18A-2A8C-4845-B7BE-6C3034B21940}"
EndProject
Global
	GlobalSection(SolutionConfigurationPlatforms) = preSolution
		Debug|Any CPU = Debug|Any CPU
		Release|Any CPU = Release|Any CPU
	EndGlobalSection
	GlobalSection(ProjectConfigurationPlatforms) = postSolution
		{D29EC18A-2A8C-4845-B7BE-6C3034B21940}.Debug|Any CPU.ActiveCfg = Debug|Any CPU
		{D29EC18A-2A8C-4845-B7BE-6C3034B21940}.Debug|Any CPU.Build.0 = Debug|Any CPU
		{D29EC18A-2A8C-4845-B7BE-6C3034B21940}.Release|Any CPU.ActiveCfg = Release|Any CPU
		{D29EC18A-2A8C-4845-B7BE-6C3034B21940}.Release|Any CPU.Build.0 = Release|Any CPU
	EndGlobalSection
	GlobalSection(SolutionProperties) = preSolution
		HideSolutionNode = FALSE
	EndGlobalSection
	GlobalSection(ExtensibilityGlobals) = postSolution
		SolutionGuid = {273348EE-8C1A-40FA-A2E6-8B2D2CDB938B}
	EndGlobalSection
EndGlobal
